
Microsoft Visual Studio Solution File, Format Version 12.00
# Visual Studio Version 17
VisualStudioVersion = 17.4.33213.308
MinimumVisualStudioVersion = 10.0.40219.1
Project("{FAE04EC0-301F-11D3-BF4B-00C04F79EFBC}") = "eTickets", "eTickets\eTickets.csproj", "{2A8BE6FC-F279-4C0C-B294-98FEB54D4FAA}"
EndProject
Global
	GlobalSection(SolutionConfigurationPlatforms) = preSolution
		Debug|Any CPU = Debug|Any CPU
		Release|Any CPU = Release|Any CPU
	EndGlobalSection
	GlobalSection(ProjectConfigurationPlatforms) = postSolution
		{2A8BE6FC-F279-4C0C-B294-98FEB54D4FAA}.Debug|Any CPU.ActiveCfg = Debug|Any CPU
		{2A8BE6FC-F279-4C0C-B294-98FEB54D4FAA}.Debug|Any CPU.Build.0 = Debug|Any CPU
		{2A8BE6FC-F279-4C0C-B294-98FEB54D4FAA}.Release|Any CPU.ActiveCfg = Release|Any CPU
		{2A8BE6FC-F279-4C0C-B294-98FEB54D4FAA}.Release|Any CPU.Build.0 = Release|Any CPU
	EndGlobalSection
	GlobalSection(SolutionProperties) = preSolution
		HideSolutionNode = FALSE
	EndGlobalSection
	GlobalSection(ExtensibilityGlobals) = postSolution
		SolutionGuid = {A28C73E6-92D8-4248-9375-9448746D6AFE}
	EndGlobalSection
EndGlobal
